
Microsoft Visual Studio Solution File, Format Version 12.00
# Visual Studio Version 17
VisualStudioVersion = 17.5.002.0
MinimumVisualStudioVersion = 10.0.40219.1
Project("{9A19103F-16F7-4668-BE54-9A1E7A4F7556}") = "gamesegames", "gamesegames.csproj", "{20C1261D-A712-4400-BDCA-CC285ACEFC96}"
EndProject
Global
	GlobalSection(SolutionConfigurationPlatforms) = preSolution
		Debug|Any CPU = Debug|Any CPU
		Release|Any CPU = Release|Any CPU
	EndGlobalSection
	GlobalSection(ProjectConfigurationPlatforms) = postSolution
		{20C1261D-A712-4400-BDCA-CC285ACEFC96}.Debug|Any CPU.ActiveCfg = Debug|Any CPU
		{20C1261D-A712-4400-BDCA-CC285ACEFC96}.Debug|Any CPU.Build.0 = Debug|Any CPU
		{20C1261D-A712-4400-BDCA-CC285ACEFC96}.Release|Any CPU.ActiveCfg = Release|Any CPU
		{20C1261D-A712-4400-BDCA-CC285ACEFC96}.Release|Any CPU.Build.0 = Release|Any CPU
	EndGlobalSection
	GlobalSection(SolutionProperties) = preSolution
		HideSolutionNode = FALSE
	EndGlobalSection
	GlobalSection(ExtensibilityGlobals) = postSolution
		SolutionGuid = {A59A89C2-BC38-488F-A11D-72B9CB822B56}
	EndGlobalSection
EndGlobal
